# THIS IS AN AUTOGENERATED FILE. DO NOT EDIT THIS FILE DIRECTLY.
# yarn lockfile v1


"@types/node@^10.3.2":
  version "10.17.52"
  resolved "https://registry.yarnpkg.com/@types/node/-/node-10.17.52.tgz#dc960d4e256331b3c697b7a573ee98b882febee5"
  integrity sha512-bKnO8Rcj03i6JTzweabq96k29uVNcXGB0bkwjVQTFagDgxxNged18281AZ0nTMHl+aFpPPWyPrk4Z3+NtW/z5w==

typescript@^2.9.1:
  version "2.9.2"
  resolved "https://registry.yarnpkg.com/typescript/-/typescript-2.9.2.tgz#1cbf61d05d6b96269244eb6a3bce4bd914e0f00c"
  integrity sha512-Gr4p6nFNaoufRIY4NMdpQRNmgxVIGMs4Fcu/ujdYk3nAZqk7supzBE9idmvfZIlH/Cuj//dvi+019qEue9lV0w==
